// !$*UTF8*$!
{
	archiveVersion = 1;
	classes = {
	};
	objectVersion = 46;
	objects = {

/* Begin PBXBuildFile section */
		7F7454AA1CA93A600025A87D /* main.m in Sources */ = {isa = PBXBuildFile; fileRef = 7F7454A91CA93A600025A87D /* main.m */; };
		7F7454AD1CA93A600025A87D /* AppDelegate.m in Sources */ = {isa = PBXBuildFile; fileRef = 7F7454AC1CA93A600025A87D /* AppDelegate.m */; };
		7F7454B01CA93A600025A87D /* ViewController.m in Sources */ = {isa = PBXBuildFile; fileRef = 7F7454AF1CA93A600025A87D /* ViewController.m */; };
		7F7454B31CA93A600025A87D /* Main.storyboard in Resources */ = {isa = PBXBuildFile; fileRef = 7F7454B11CA93A600025A87D /* Main.storyboard */; };
		7F7454B51CA93A600025A87D /* Assets.xcassets in Resources */ = {isa = PBXBuildFile; fileRef = 7F7454B41CA93A600025A87D /* Assets.xcassets */; };
		7F7454B81CA93A600025A87D /* LaunchScreen.storyboard in Resources */ = {isa = PBXBuildFile; fileRef = 7F7454B61CA93A600025A87D /* LaunchScreen.storyboard */; };
		7F7454C11CA93A830025A87D /* WifiModel.m in Sources */ = {isa = PBXBuildFile; fileRef = 7F7454C01CA93A830025A87D /* WifiModel.m */; };
		7F7454C61CAA1AD20025A87D /* getgateway.c in Sources */ = {isa = PBXBuildFile; fileRef = 7F7454C31CAA1AD20025A87D /* getgateway.c */; };
/* End PBXBuildFile section */

/* Begin PBXFileReference section */
		7F7454A51CA93A600025A87D /* GetWIFI_Info.app */ = {isa = PBXFileReference; explicitFileType = wrapper.application; includeInIndex = 0; path = GetWIFI_Info.app; sourceTree = BUILT_PRODUCTS_DIR; };
		7F7454A91CA93A600025A87D /* main.m */ = {isa = PBXFileReference; lastKnownFileType = sourcecode.c.objc; path = main.m; sourceTree = "<group>"; };
		7F7454AB1CA93A600025A87D /* AppDelegate.h */ = {isa = PBXFileReference; lastKnownFileType = sourcecode.c.h; path = AppDelegate.h; sourceTree = "<group>"; };
		7F7454AC1CA93A600025A87D /* AppDelegate.m */ = {isa = PBXFileReference; lastKnownFileType = sourcecode.c.objc; path = AppDelegate.m; sourceTree = "<group>"; };
		7F7454AE1CA93A600025A87D /* ViewController.h */ = {isa = PBXFileReference; lastKnownFileType = sourcecode.c.h; path = ViewController.h; sourceTree = "<group>"; };
		7F7454AF1CA93A600025A87D /* ViewController.m */ = {isa = PBXFileReference; lastKnownFileType = sourcecode.c.objc; path = ViewController.m; sourceTree = "<group>"; };
		7F7454B21CA93A600025A87D /* Base */ = {isa = PBXFileReference; lastKnownFileType = file.storyboard; name = Base; path = Base.lproj/Main.storyboard; sourceTree = "<group>"; };
		7F7454B41CA93A600025A87D /* Assets.xcassets */ = {isa = PBXFileReference; lastKnownFileType = folder.assetcatalog; path = Assets.xcassets; sourceTree = "<group>"; };
		7F7454B71CA93A600025A87D /* Base */ = {isa = PBXFileReference; lastKnownFileType = file.storyboard; name = Base; path = Base.lproj/LaunchScreen.storyboard; sourceTree = "<group>"; };
		7F7454B91CA93A600025A87D /* Info.plist */ = {isa = PBXFileReference; lastKnownFileType = text.plist.xml; path = Info.plist; sourceTree = "<group>"; };
		7F7454BF1CA93A830025A87D /* WifiModel.h */ = {isa = PBXFileReference; fileEncoding = 4; lastKnownFileType = sourcecode.c.h; path = WifiModel.h; sourceTree = "<group>"; };
		7F7454C01CA93A830025A87D /* WifiModel.m */ = {isa = PBXFileReference; fileEncoding = 4; lastKnownFileType = sourcecode.c.objc; path = WifiModel.m; sourceTree = "<group>"; };
		7F7454C31CAA1AD20025A87D /* getgateway.c */ = {isa = PBXFileReference; fileEncoding = 4; lastKnownFileType = sourcecode.c.c; path = getgateway.c; sourceTree = "<group>"; };
		7F7454C41CAA1AD20025A87D /* getgateway.h */ = {isa = PBXFileReference; fileEncoding = 4; lastKnownFileType = sourcecode.c.h; path = getgateway.h; sourceTree = "<group>"; };
		7F7454C51CAA1AD20025A87D /* route.h */ = {isa = PBXFileReference; fileEncoding = 4; lastKnownFileType = sourcecode.c.h; path = route.h; sourceTree = "<group>"; };
/* End PBXFileReference section */

/* Begin PBXFrameworksBuildPhase section */
		7F7454A21CA93A600025A87D /* Frameworks */ = {
			isa = PBXFrameworksBuildPhase;
			buildActionMask = 2147483647;
			files = (
			);
			runOnlyForDeploymentPostprocessing = 0;
		};
/* End PBXFrameworksBuildPhase section */

/* Begin PBXGroup section */
		7F74549C1CA93A600025A87D = {
			isa = PBXGroup;
			children = (
				7F7454A71CA93A600025A87D /* GetWIFI_Info */,
				7F7454A61CA93A600025A87D /* Products */,
			);
			sourceTree = "<group>";
		};
		7F7454A61CA93A600025A87D /* Products */ = {
			isa = PBXGroup;
			children = (
				7F7454A51CA93A600025A87D /* GetWIFI_Info.app */,
			);
			name = Products;
			sourceTree = "<group>";
		};
		7F7454A71CA93A600025A87D /* GetWIFI_Info */ = {
			isa = PBXGroup;
			children = (
				7F7454AB1CA93A600025A87D /* AppDelegate.h */,
				7F7454AC1CA93A600025A87D /* AppDelegate.m */,
				7F7454C21CAA1AD20025A87D /* RouteAddress */,
				7F7454AE1CA93A600025A87D /* ViewController.h */,
				7F7454AF1CA93A600025A87D /* ViewController.m */,
				7F7454BF1CA93A830025A87D /* WifiModel.h */,
				7F7454C01CA93A830025A87D /* WifiModel.m */,
				7F7454B11CA93A600025A87D /* Main.storyboard */,
				7F7454B41CA93A600025A87D /* Assets.xcassets */,
				7F7454B61CA93A600025A87D /* LaunchScreen.storyboard */,
				7F7454B91CA93A600025A87D /* Info.plist */,
				7F7454A81CA93A600025A87D /* Supporting Files */,
			);
			path = GetWIFI_Info;
			sourceTree = "<group>";
		};
		7F7454A81CA93A600025A87D /* Supporting Files */ = {
			isa = PBXGroup;
			children = (
				7F7454A91CA93A600025A87D /* main.m */,
			);
			name = "Supporting Files";
			sourceTree = "<group>";
		};
		7F7454C21CAA1AD20025A87D /* RouteAddress */ = {
			isa = PBXGroup;
			children = (
				7F7454C31CAA1AD20025A87D /* getgateway.c */,
				7F7454C41CAA1AD20025A87D /* getgateway.h */,
				7F7454C51CAA1AD20025A87D /* route.h */,
			);
			path = RouteAddress;
			sourceTree = "<group>";
		};
/* End PBXGroup section */

/* Begin PBXNativeTarget section */
		7F7454A41CA93A600025A87D /* GetWIFI_Info */ = {
			isa = PBXNativeTarget;
			buildConfigurationList = 7F7454BC1CA93A600025A87D /* Build configuration list for PBXNativeTarget "GetWIFI_Info" */;
			buildPhases = (
				7F7454A11CA93A600025A87D /* Sources */,
				7F7454A21CA93A600025A87D /* Frameworks */,
				7F7454A31CA93A600025A87D /* Resources */,
			);
			buildRules = (
			);
			dependencies = (
			);
			name = GetWIFI_Info;
			productName = GetWIFI_Info;
			productReference = 7F7454A51CA93A600025A87D /* GetWIFI_Info.app */;
			productType = "com.apple.product-type.application";
		};
/* End PBXNativeTarget section */

/* Begin PBXProject section */
		7F74549D1CA93A600025A87D /* Project object */ = {
			isa = PBXProject;
			attributes = {
				LastUpgradeCheck = 0720;
				ORGANIZATIONNAME = zhaoxiaopeng;
				TargetAttributes = {
					7F7454A41CA93A600025A87D = {
						CreatedOnToolsVersion = 7.2.1;
					};
				};
			};
			buildConfigurationList = 7F7454A01CA93A600025A87D /* Build configuration list for PBXProject "GetWIFI_Info" */;
			compatibilityVersion = "Xcode 3.2";
			developmentRegion = English;
			hasScannedForEncodings = 0;
			knownRegions = (
				en,
				Base,
			);
			mainGroup = 7F74549C1CA93A600025A87D;
			productRefGroup = 7F7454A61CA93A600025A87D /* Products */;
			projectDirPath = "";
			projectRoot = "";
			targets = (
				7F7454A41CA93A600025A87D /* GetWIFI_Info */,
			);
		};
/* End PBXProject section */

/* Begin PBXResourcesBuildPhase section */
		7F7454A31CA93A600025A87D /* Resources */ = {
			isa = PBXResourcesBuildPhase;
			buildActionMask = 2147483647;
			files = (
				7F7454B81CA93A600025A87D /* LaunchScreen.storyboard in Resources */,
				7F7454B51CA93A600025A87D /* Assets.xcassets in Resources */,
				7F7454B31CA93A600025A87D /* Main.storyboard in Resources */,
			);
			runOnlyForDeploymentPostprocessing = 0;
		};
/* End PBXResourcesBuildPhase section */

/* Begin PBXSourcesBuildPhase section */
		7F7454A11CA93A600025A87D /* Sources */ = {
			isa = PBXSourcesBuildPhase;
			buildActionMask = 2147483647;
			files = (
				7F7454B01CA93A600025A87D /* ViewController.m in Sources */,
				7F7454AD1CA93A600025A87D /* AppDelegate.m in Sources */,
				7F7454C61CAA1AD20025A87D /* getgateway.c in Sources */,
				7F7454C11CA93A830025A87D /* WifiModel.m in Sources */,
				7F7454AA1CA93A600025A87D /* main.m in Sources */,
			);
			runOnlyForDeploymentPostprocessing = 0;
		};
/* End PBXSourcesBuildPhase section */

/* Begin PBXVariantGroup section */
		7F7454B11CA93A600025A87D /* Main.storyboard */ = {
			isa = PBXVariantGroup;
			children = (
				7F7454B21CA93A600025A87D /* Base */,
			);
			name = Main.storyboard;
			sourceTree = "<group>";
		};
		7F7454B61CA93A600025A87D /* LaunchScreen.storyboard */ = {
			isa = PBXVariantGroup;
			children = (
				7F7454B71CA93A600025A87D /* Base */,
			);
			name = LaunchScreen.storyboard;
			sourceTree = "<group>";
		};
/* End PBXVariantGroup section */

/* Begin XCBuildConfiguration section */
		7F7454BA1CA93A600025A87D /* Debug */ = {
			isa = XCBuildConfiguration;
			buildSettings = {
				ALWAYS_SEARCH_USER_PATHS = NO;
				CLANG_CXX_LANGUAGE_STANDARD = "gnu++0x";
				CLANG_CXX_LIBRARY = "libc++";
				CLANG_ENABLE_MODULES = YES;
				CLANG_ENABLE_OBJC_ARC = YES;
				CLANG_WARN_BOOL_CONVERSION = YES;
				CLANG_WARN_CONSTANT_CONVERSION = YES;
				CLANG_WARN_DIRECT_OBJC_ISA_USAGE = YES_ERROR;
				CLANG_WARN_EMPTY_BODY = YES;
				CLANG_WARN_ENUM_CONVERSION = YES;
				CLANG_WARN_INT_CONVERSION = YES;
				CLANG_WARN_OBJC_ROOT_CLASS = YES_ERROR;
				CLANG_WARN_UNREACHABLE_CODE = YES;
				CLANG_WARN__DUPLICATE_METHOD_MATCH = YES;
				"CODE_SIGN_IDENTITY[sdk=iphoneos*]" = "iPhone Developer";
				COPY_PHASE_STRIP = NO;
				DEBUG_INFORMATION_FORMAT = dwarf;
				ENABLE_STRICT_OBJC_MSGSEND = YES;
				ENABLE_TESTABILITY = YES;
				GCC_C_LANGUAGE_STANDARD = gnu99;
				GCC_DYNAMIC_NO_PIC = NO;
				GCC_NO_COMMON_BLOCKS = YES;
				GCC_OPTIMIZATION_LEVEL = 0;
				GCC_PREPROCESSOR_DEFINITIONS = (
					"DEBUG=1",
					"$(inherited)",
				);
				GCC_WARN_64_TO_32_BIT_CONVERSION = YES;
				GCC_WARN_ABOUT_RETURN_TYPE = YES_ERROR;
				GCC_WARN_UNDECLARED_SELECTOR = YES;
				GCC_WARN_UNINITIALIZED_AUTOS = YES_AGGRESSIVE;
				GCC_WARN_UNUSED_FUNCTION = YES;
				GCC_WARN_UNUSED_VARIABLE = YES;
				IPHONEOS_DEPLOYMENT_TARGET = 9.2;
				MTL_ENABLE_DEBUG_INFO = YES;
				ONLY_ACTIVE_ARCH = YES;
				SDKROOT = iphoneos;
				TARGETED_DEVICE_FAMILY = "1,2";
			};
			name = Debug;
		};
		7F7454BB1CA93A600025A87D /* Release */ = {
			isa = XCBuildConfiguration;
			buildSettings = {
				ALWAYS_SEARCH_USER_PATHS = NO;
				CLANG_CXX_LANGUAGE_STANDARD = "gnu++0x";
				CLANG_CXX_LIBRARY = "libc++";
				CLANG_ENABLE_MODULES = YES;
				CLANG_ENABLE_OBJC_ARC = YES;
				CLANG_WARN_BOOL_CONVERSION = YES;
				CLANG_WARN_CONSTANT_CONVERSION = YES;
				CLANG_WARN_DIRECT_OBJC_ISA_USAGE = YES_ERROR;
				CLANG_WARN_EMPTY_BODY = YES;
				CLANG_WARN_ENUM_CONVERSION = YES;
				CLANG_WARN_INT_CONVERSION = YES;
				CLANG_WARN_OBJC_ROOT_CLASS = YES_ERROR;
				CLANG_WARN_UNREACHABLE_CODE = YES;
				CLANG_WARN__DUPLICATE_METHOD_MATCH = YES;
				"CODE_SIGN_IDENTITY[sdk=iphoneos*]" = "iPhone Developer";
				COPY_PHASE_STRIP = NO;
				DEBUG_INFORMATION_FORMAT = "dwarf-with-dsym";
				ENABLE_NS_ASSERTIONS = NO;
				ENABLE_STRICT_OBJC_MSGSEND = YES;
				GCC_C_LANGUAGE_STANDARD = gnu99;
				GCC_NO_COMMON_BLOCKS = YES;
				GCC_WARN_64_TO_32_BIT_CONVERSION = YES;
				GCC_WARN_ABOUT_RETURN_TYPE = YES_ERROR;
				GCC_WARN_UNDECLARED_SELECTOR = YES;
				GCC_WARN_UNINITIALIZED_AUTOS = YES_AGGRESSIVE;
				GCC_WARN_UNUSED_FUNCTION = YES;
				GCC_WARN_UNUSED_VARIABLE = YES;
				IPHONEOS_DEPLOYMENT_TARGET = 9.2;
				MTL_ENABLE_DEBUG_INFO = NO;
				SDKROOT = iphoneos;
				TARGETED_DEVICE_FAMILY = "1,2";
				VALIDATE_PRODUCT = YES;
			};
			name = Release;
		};
		7F7454BD1CA93A600025A87D /* Debug */ = {
			isa = XCBuildConfiguration;
			buildSettings = {
				ASSETCATALOG_COMPILER_APPICON_NAME = AppIcon;
				INFOPLIST_FILE = GetWIFI_Info/Info.plist;
				LD_RUNPATH_SEARCH_PATHS = "$(inherited) @executable_path/Frameworks";
				PRODUCT_BUNDLE_IDENTIFIER = "com.zxp.GetWIFI-Info";
				PRODUCT_NAME = "$(TARGET_NAME)";
			};
			name = Debug;
		};
		7F7454BE1CA93A600025A87D /* Release */ = {
			isa = XCBuildConfiguration;
			buildSettings = {
				ASSETCATALOG_COMPILER_APPICON_NAME = AppIcon;
				INFOPLIST_FILE = GetWIFI_Info/Info.plist;
				LD_RUNPATH_SEARCH_PATHS = "$(inherited) @executable_path/Frameworks";
				PRODUCT_BUNDLE_IDENTIFIER = "com.zxp.GetWIFI-Info";
				PRODUCT_NAME = "$(TARGET_NAME)";
			};
			name = Release;
		};
/* End XCBuildConfiguration section */

/* Begin XCConfigurationList section */
		7F7454A01CA93A600025A87D /* Build configuration list for PBXProject "GetWIFI_Info" */ = {
			isa = XCConfigurationList;
			buildConfigurations = (
				7F7454BA1CA93A600025A87D /* Debug */,
				7F7454BB1CA93A600025A87D /* Release */,
			);
			defaultConfigurationIsVisible = 0;
			defaultConfigurationName = Release;
		};
		7F7454BC1CA93A600025A87D /* Build configuration list for PBXNativeTarget "GetWIFI_Info" */ = {
			isa = XCConfigurationList;
			buildConfigurations = (
				7F7454BD1CA93A600025A87D /* Debug */,
				7F7454BE1CA93A600025A87D /* Release */,
			);
			defaultConfigurationIsVisible = 0;
			defaultConfigurationName = Release;
		};
/* End XCConfigurationList section */
	};
	rootObject = 7F74549D1CA93A600025A87D /* Project object */;
}
